// !$*UTF8*$!
{
	archiveVersion = 1;
	classes = {
	};
	objectVersion = 50;
	objects = {

/* Begin PBXBuildFile section */
		16851838216A85BD00FAD779 /* AppDelegate.swift in Sources */ = {isa = PBXBuildFile; fileRef = 16851837216A85BD00FAD779 /* AppDelegate.swift */; };
		1685183D216A85BD00FAD779 /* Main.storyboard in Resources */ = {isa = PBXBuildFile; fileRef = 1685183B216A85BD00FAD779 /* Main.storyboard */; };
		1685183F216A85BF00FAD779 /* Assets.xcassets in Resources */ = {isa = PBXBuildFile; fileRef = 1685183E216A85BF00FAD779 /* Assets.xcassets */; };
		16851842216A85BF00FAD779 /* LaunchScreen.storyboard in Resources */ = {isa = PBXBuildFile; fileRef = 16851840216A85BF00FAD779 /* LaunchScreen.storyboard */; };
		1685184B216A90F800FAD779 /* MenuController.swift in Sources */ = {isa = PBXBuildFile; fileRef = 1685184A216A90F800FAD779 /* MenuController.swift */; };
		1685184D216A92D000FAD779 /* HomeController.swift in Sources */ = {isa = PBXBuildFile; fileRef = 1685184C216A92D000FAD779 /* HomeController.swift */; };
		16F24935216B3C860025A061 /* BaseSlidingControler.swift in Sources */ = {isa = PBXBuildFile; fileRef = 16F24934216B3C860025A061 /* BaseSlidingControler.swift */; };
		16F24938216B57810025A061 /* CustomMenuHeaderView.swift in Sources */ = {isa = PBXBuildFile; fileRef = 16F24937216B57810025A061 /* CustomMenuHeaderView.swift */; };
		16F2493A216B5DAD0025A061 /* SpacerView.swift in Sources */ = {isa = PBXBuildFile; fileRef = 16F24939216B5DAD0025A061 /* SpacerView.swift */; };
		16F2493E216B625D0025A061 /* ProfileImageView.swift in Sources */ = {isa = PBXBuildFile; fileRef = 16F2493D216B625D0025A061 /* ProfileImageView.swift */; };
/* End PBXBuildFile section */

/* Begin PBXFileReference section */
		16851834216A85BD00FAD779 /* Jupiter.app */ = {isa = PBXFileReference; explicitFileType = wrapper.application; includeInIndex = 0; path = Jupiter.app; sourceTree = BUILT_PRODUCTS_DIR; };
		16851837216A85BD00FAD779 /* AppDelegate.swift */ = {isa = PBXFileReference; lastKnownFileType = sourcecode.swift; path = AppDelegate.swift; sourceTree = "<group>"; };
		1685183C216A85BD00FAD779 /* Base */ = {isa = PBXFileReference; lastKnownFileType = file.storyboard; name = Base; path = Base.lproj/Main.storyboard; sourceTree = "<group>"; };
		1685183E216A85BF00FAD779 /* Assets.xcassets */ = {isa = PBXFileReference; lastKnownFileType = folder.assetcatalog; path = Assets.xcassets; sourceTree = "<group>"; };
		16851841216A85BF00FAD779 /* Base */ = {isa = PBXFileReference; lastKnownFileType = file.storyboard; name = Base; path = Base.lproj/LaunchScreen.storyboard; sourceTree = "<group>"; };
		16851843216A85BF00FAD779 /* Info.plist */ = {isa = PBXFileReference; lastKnownFileType = text.plist.xml; path = Info.plist; sourceTree = "<group>"; };
		1685184A216A90F800FAD779 /* MenuController.swift */ = {isa = PBXFileReference; lastKnownFileType = sourcecode.swift; path = MenuController.swift; sourceTree = "<group>"; };
		1685184C216A92D000FAD779 /* HomeController.swift */ = {isa = PBXFileReference; lastKnownFileType = sourcecode.swift; path = HomeController.swift; sourceTree = "<group>"; };
		16F24934216B3C860025A061 /* BaseSlidingControler.swift */ = {isa = PBXFileReference; lastKnownFileType = sourcecode.swift; path = BaseSlidingControler.swift; sourceTree = "<group>"; };
		16F24937216B57810025A061 /* CustomMenuHeaderView.swift */ = {isa = PBXFileReference; lastKnownFileType = sourcecode.swift; path = CustomMenuHeaderView.swift; sourceTree = "<group>"; };
		16F24939216B5DAD0025A061 /* SpacerView.swift */ = {isa = PBXFileReference; lastKnownFileType = sourcecode.swift; path = SpacerView.swift; sourceTree = "<group>"; };
		16F2493D216B625D0025A061 /* ProfileImageView.swift */ = {isa = PBXFileReference; lastKnownFileType = sourcecode.swift; path = ProfileImageView.swift; sourceTree = "<group>"; };
/* End PBXFileReference section */

/* Begin PBXFrameworksBuildPhase section */
		16851831216A85BD00FAD779 /* Frameworks */ = {
			isa = PBXFrameworksBuildPhase;
			buildActionMask = 2147483647;
			files = (
			);
			runOnlyForDeploymentPostprocessing = 0;
		};
/* End PBXFrameworksBuildPhase section */

/* Begin PBXGroup section */
		1685182B216A85BD00FAD779 = {
			isa = PBXGroup;
			children = (
				16851836216A85BD00FAD779 /* Jupiter */,
				16851835216A85BD00FAD779 /* Products */,
			);
			sourceTree = "<group>";
		};
		16851835216A85BD00FAD779 /* Products */ = {
			isa = PBXGroup;
			children = (
				16851834216A85BD00FAD779 /* Jupiter.app */,
			);
			name = Products;
			sourceTree = "<group>";
		};
		16851836216A85BD00FAD779 /* Jupiter */ = {
			isa = PBXGroup;
			children = (
				16F24936216B57640025A061 /* Views */,
				16851849216A90CC00FAD779 /* Controllers */,
				16851837216A85BD00FAD779 /* AppDelegate.swift */,
				1685183B216A85BD00FAD779 /* Main.storyboard */,
				1685183E216A85BF00FAD779 /* Assets.xcassets */,
				16851840216A85BF00FAD779 /* LaunchScreen.storyboard */,
				16851843216A85BF00FAD779 /* Info.plist */,
			);
			path = Jupiter;
			sourceTree = "<group>";
		};
		16851849216A90CC00FAD779 /* Controllers */ = {
			isa = PBXGroup;
			children = (
				16F24933216B3C6F0025A061 /* Base */,
				1685184A216A90F800FAD779 /* MenuController.swift */,
				1685184C216A92D000FAD779 /* HomeController.swift */,
			);
			path = Controllers;
			sourceTree = "<group>";
		};
		16F24933216B3C6F0025A061 /* Base */ = {
			isa = PBXGroup;
			children = (
				16F24934216B3C860025A061 /* BaseSlidingControler.swift */,
			);
			path = Base;
			sourceTree = "<group>";
		};
		16F24936216B57640025A061 /* Views */ = {
			isa = PBXGroup;
			children = (
				16F24937216B57810025A061 /* CustomMenuHeaderView.swift */,
				16F24939216B5DAD0025A061 /* SpacerView.swift */,
				16F2493D216B625D0025A061 /* ProfileImageView.swift */,
			);
			path = Views;
			sourceTree = "<group>";
		};
/* End PBXGroup section */

/* Begin PBXNativeTarget section */
		16851833216A85BD00FAD779 /* Jupiter */ = {
			isa = PBXNativeTarget;
			buildConfigurationList = 16851846216A85BF00FAD779 /* Build configuration list for PBXNativeTarget "Jupiter" */;
			buildPhases = (
				16851830216A85BD00FAD779 /* Sources */,
				16851831216A85BD00FAD779 /* Frameworks */,
				16851832216A85BD00FAD779 /* Resources */,
			);
			buildRules = (
			);
			dependencies = (
			);
			name = Jupiter;
			productName = Jupiter;
			productReference = 16851834216A85BD00FAD779 /* Jupiter.app */;
			productType = "com.apple.product-type.application";
		};
/* End PBXNativeTarget section */

/* Begin PBXProject section */
		1685182C216A85BD00FAD779 /* Project object */ = {
			isa = PBXProject;
			attributes = {
				LastSwiftUpdateCheck = 1000;
				LastUpgradeCheck = 1000;
				ORGANIZATIONNAME = HuyTrinh;
				TargetAttributes = {
					16851833216A85BD00FAD779 = {
						CreatedOnToolsVersion = 10.0;
					};
				};
			};
			buildConfigurationList = 1685182F216A85BD00FAD779 /* Build configuration list for PBXProject "Jupiter" */;
			compatibilityVersion = "Xcode 9.3";
			developmentRegion = en;
			hasScannedForEncodings = 0;
			knownRegions = (
				en,
				Base,
			);
			mainGroup = 1685182B216A85BD00FAD779;
			productRefGroup = 16851835216A85BD00FAD779 /* Products */;
			projectDirPath = "";
			projectRoot = "";
			targets = (
				16851833216A85BD00FAD779 /* Jupiter */,
			);
		};
/* End PBXProject section */

/* Begin PBXResourcesBuildPhase section */
		16851832216A85BD00FAD779 /* Resources */ = {
			isa = PBXResourcesBuildPhase;
			buildActionMask = 2147483647;
			files = (
				16851842216A85BF00FAD779 /* LaunchScreen.storyboard in Resources */,
				1685183F216A85BF00FAD779 /* Assets.xcassets in Resources */,
				1685183D216A85BD00FAD779 /* Main.storyboard in Resources */,
			);
			runOnlyForDeploymentPostprocessing = 0;
		};
/* End PBXResourcesBuildPhase section */

/* Begin PBXSourcesBuildPhase section */
		16851830216A85BD00FAD779 /* Sources */ = {
			isa = PBXSourcesBuildPhase;
			buildActionMask = 2147483647;
			files = (
				1685184B216A90F800FAD779 /* MenuController.swift in Sources */,
				16F2493E216B625D0025A061 /* ProfileImageView.swift in Sources */,
				16851838216A85BD00FAD779 /* AppDelegate.swift in Sources */,
				16F2493A216B5DAD0025A061 /* SpacerView.swift in Sources */,
				16F24935216B3C860025A061 /* BaseSlidingControler.swift in Sources */,
				16F24938216B57810025A061 /* CustomMenuHeaderView.swift in Sources */,
				1685184D216A92D000FAD779 /* HomeController.swift in Sources */,
			);
			runOnlyForDeploymentPostprocessing = 0;
		};
/* End PBXSourcesBuildPhase section */

/* Begin PBXVariantGroup section */
		1685183B216A85BD00FAD779 /* Main.storyboard */ = {
			isa = PBXVariantGroup;
			children = (
				1685183C216A85BD00FAD779 /* Base */,
			);
			name = Main.storyboard;
			sourceTree = "<group>";
		};
		16851840216A85BF00FAD779 /* LaunchScreen.storyboard */ = {
			isa = PBXVariantGroup;
			children = (
				16851841216A85BF00FAD779 /* Base */,
			);
			name = LaunchScreen.storyboard;
			sourceTree = "<group>";
		};
/* End PBXVariantGroup section */

/* Begin XCBuildConfiguration section */
		16851844216A85BF00FAD779 /* Debug */ = {
			isa = XCBuildConfiguration;
			buildSettings = {
				ALWAYS_SEARCH_USER_PATHS = NO;
				CLANG_ANALYZER_NONNULL = YES;
				CLANG_ANALYZER_NUMBER_OBJECT_CONVERSION = YES_AGGRESSIVE;
				CLANG_CXX_LANGUAGE_STANDARD = "gnu++14";
				CLANG_CXX_LIBRARY = "libc++";
				CLANG_ENABLE_MODULES = YES;
				CLANG_ENABLE_OBJC_ARC = YES;
				CLANG_ENABLE_OBJC_WEAK = YES;
				CLANG_WARN_BLOCK_CAPTURE_AUTORELEASING = YES;
				CLANG_WARN_BOOL_CONVERSION = YES;
				CLANG_WARN_COMMA = YES;
				CLANG_WARN_CONSTANT_CONVERSION = YES;
				CLANG_WARN_DEPRECATED_OBJC_IMPLEMENTATIONS = YES;
				CLANG_WARN_DIRECT_OBJC_ISA_USAGE = YES_ERROR;
				CLANG_WARN_DOCUMENTATION_COMMENTS = YES;
				CLANG_WARN_EMPTY_BODY = YES;
				CLANG_WARN_ENUM_CONVERSION = YES;
				CLANG_WARN_INFINITE_RECURSION = YES;
				CLANG_WARN_INT_CONVERSION = YES;
				CLANG_WARN_NON_LITERAL_NULL_CONVERSION = YES;
				CLANG_WARN_OBJC_IMPLICIT_RETAIN_SELF = YES;
				CLANG_WARN_OBJC_LITERAL_CONVERSION = YES;
				CLANG_WARN_OBJC_ROOT_CLASS = YES_ERROR;
				CLANG_WARN_RANGE_LOOP_ANALYSIS = YES;
				CLANG_WARN_STRICT_PROTOTYPES = YES;
				CLANG_WARN_SUSPICIOUS_MOVE = YES;
				CLANG_WARN_UNGUARDED_AVAILABILITY = YES_AGGRESSIVE;
				CLANG_WARN_UNREACHABLE_CODE = YES;
				CLANG_WARN__DUPLICATE_METHOD_MATCH = YES;
				CODE_SIGN_IDENTITY = "iPhone Developer";
				COPY_PHASE_STRIP = NO;
				DEBUG_INFORMATION_FORMAT = dwarf;
				ENABLE_STRICT_OBJC_MSGSEND = YES;
				ENABLE_TESTABILITY = YES;
				GCC_C_LANGUAGE_STANDARD = gnu11;
				GCC_DYNAMIC_NO_PIC = NO;
				GCC_NO_COMMON_BLOCKS = YES;
				GCC_OPTIMIZATION_LEVEL = 0;
				GCC_PREPROCESSOR_DEFINITIONS = (
					"DEBUG=1",
					"$(inherited)",
				);
				GCC_WARN_64_TO_32_BIT_CONVERSION = YES;
				GCC_WARN_ABOUT_RETURN_TYPE = YES_ERROR;
				GCC_WARN_UNDECLARED_SELECTOR = YES;
				GCC_WARN_UNINITIALIZED_AUTOS = YES_AGGRESSIVE;
				GCC_WARN_UNUSED_FUNCTION = YES;
				GCC_WARN_UNUSED_VARIABLE = YES;
				IPHONEOS_DEPLOYMENT_TARGET = 12.0;
				MTL_ENABLE_DEBUG_INFO = INCLUDE_SOURCE;
				MTL_FAST_MATH = YES;
				ONLY_ACTIVE_ARCH = YES;
				SDKROOT = iphoneos;
				SWIFT_ACTIVE_COMPILATION_CONDITIONS = DEBUG;
				SWIFT_OPTIMIZATION_LEVEL = "-Onone";
			};
			name = Debug;
		};
		16851845216A85BF00FAD779 /* Release */ = {
			isa = XCBuildConfiguration;
			buildSettings = {
				ALWAYS_SEARCH_USER_PATHS = NO;
				CLANG_ANALYZER_NONNULL = YES;
				CLANG_ANALYZER_NUMBER_OBJECT_CONVERSION = YES_AGGRESSIVE;
				CLANG_CXX_LANGUAGE_STANDARD = "gnu++14";
				CLANG_CXX_LIBRARY = "libc++";
				CLANG_ENABLE_MODULES = YES;
				CLANG_ENABLE_OBJC_ARC = YES;
				CLANG_ENABLE_OBJC_WEAK = YES;
				CLANG_WARN_BLOCK_CAPTURE_AUTORELEASING = YES;
				CLANG_WARN_BOOL_CONVERSION = YES;
				CLANG_WARN_COMMA = YES;
				CLANG_WARN_CONSTANT_CONVERSION = YES;
				CLANG_WARN_DEPRECATED_OBJC_IMPLEMENTATIONS = YES;
				CLANG_WARN_DIRECT_OBJC_ISA_USAGE = YES_ERROR;
				CLANG_WARN_DOCUMENTATION_COMMENTS = YES;
				CLANG_WARN_EMPTY_BODY = YES;
				CLANG_WARN_ENUM_CONVERSION = YES;
				CLANG_WARN_INFINITE_RECURSION = YES;
				CLANG_WARN_INT_CONVERSION = YES;
				CLANG_WARN_NON_LITERAL_NULL_CONVERSION = YES;
				CLANG_WARN_OBJC_IMPLICIT_RETAIN_SELF = YES;
				CLANG_WARN_OBJC_LITERAL_CONVERSION = YES;
				CLANG_WARN_OBJC_ROOT_CLASS = YES_ERROR;
				CLANG_WARN_RANGE_LOOP_ANALYSIS = YES;
				CLANG_WARN_STRICT_PROTOTYPES = YES;
				CLANG_WARN_SUSPICIOUS_MOVE = YES;
				CLANG_WARN_UNGUARDED_AVAILABILITY = YES_AGGRESSIVE;
				CLANG_WARN_UNREACHABLE_CODE = YES;
				CLANG_WARN__DUPLICATE_METHOD_MATCH = YES;
				CODE_SIGN_IDENTITY = "iPhone Developer";
				COPY_PHASE_STRIP = NO;
				DEBUG_INFORMATION_FORMAT = "dwarf-with-dsym";
				ENABLE_NS_ASSERTIONS = NO;
				ENABLE_STRICT_OBJC_MSGSEND = YES;
				GCC_C_LANGUAGE_STANDARD = gnu11;
				GCC_NO_COMMON_BLOCKS = YES;
				GCC_WARN_64_TO_32_BIT_CONVERSION = YES;
				GCC_WARN_ABOUT_RETURN_TYPE = YES_ERROR;
				GCC_WARN_UNDECLARED_SELECTOR = YES;
				GCC_WARN_UNINITIALIZED_AUTOS = YES_AGGRESSIVE;
				GCC_WARN_UNUSED_FUNCTION = YES;
				GCC_WARN_UNUSED_VARIABLE = YES;
				IPHONEOS_DEPLOYMENT_TARGET = 12.0;
				MTL_ENABLE_DEBUG_INFO = NO;
				MTL_FAST_MATH = YES;
				SDKROOT = iphoneos;
				SWIFT_COMPILATION_MODE = wholemodule;
				SWIFT_OPTIMIZATION_LEVEL = "-O";
				VALIDATE_PRODUCT = YES;
			};
			name = Release;
		};
		16851847216A85BF00FAD779 /* Debug */ = {
			isa = XCBuildConfiguration;
			buildSettings = {
				ASSETCATALOG_COMPILER_APPICON_NAME = AppIcon;
				CODE_SIGN_STYLE = Automatic;
				DEVELOPMENT_TEAM = A4GK8257L8;
				INFOPLIST_FILE = Jupiter/Info.plist;
				LD_RUNPATH_SEARCH_PATHS = (
					"$(inherited)",
					"@executable_path/Frameworks",
				);
				PRODUCT_BUNDLE_IDENTIFIER = com.huytrinh.Jupiter;
				PRODUCT_NAME = "$(TARGET_NAME)";
				SWIFT_VERSION = 4.2;
				TARGETED_DEVICE_FAMILY = "1,2";
			};
			name = Debug;
		};
		16851848216A85BF00FAD779 /* Release */ = {
			isa = XCBuildConfiguration;
			buildSettings = {
				ASSETCATALOG_COMPILER_APPICON_NAME = AppIcon;
				CODE_SIGN_STYLE = Automatic;
				DEVELOPMENT_TEAM = A4GK8257L8;
				INFOPLIST_FILE = Jupiter/Info.plist;
				LD_RUNPATH_SEARCH_PATHS = (
					"$(inherited)",
					"@executable_path/Frameworks",
				);
				PRODUCT_BUNDLE_IDENTIFIER = com.huytrinh.Jupiter;
				PRODUCT_NAME = "$(TARGET_NAME)";
				SWIFT_VERSION = 4.2;
				TARGETED_DEVICE_FAMILY = "1,2";
			};
			name = Release;
		};
/* End XCBuildConfiguration section */

/* Begin XCConfigurationList section */
		1685182F216A85BD00FAD779 /* Build configuration list for PBXProject "Jupiter" */ = {
			isa = XCConfigurationList;
			buildConfigurations = (
				16851844216A85BF00FAD779 /* Debug */,
				16851845216A85BF00FAD779 /* Release */,
			);
			defaultConfigurationIsVisible = 0;
			defaultConfigurationName = Release;
		};
		16851846216A85BF00FAD779 /* Build configuration list for PBXNativeTarget "Jupiter" */ = {
			isa = XCConfigurationList;
			buildConfigurations = (
				16851847216A85BF00FAD779 /* Debug */,
				16851848216A85BF00FAD779 /* Release */,
			);
			defaultConfigurationIsVisible = 0;
			defaultConfigurationName = Release;
		};
/* End XCConfigurationList section */
	};
	rootObject = 1685182C216A85BD00FAD779 /* Project object */;
}
